
Microsoft Visual Studio Solution File, Format Version 12.00
# Visual Studio 15
VisualStudioVersion = 15.0.28307.421
MinimumVisualStudioVersion = 10.0.40219.1
Project("{8BC9CEB8-8B4A-11D0-8D11-00A0C91BC942}") = "tcc", "tcc.vcxproj", "{24E73AC0-4863-4BD2-B34A-72270914E643}"
EndProject
Project("{8BC9CEB8-8B4A-11D0-8D11-00A0C91BC942}") = "libtcc", "libtcc.vcxproj", "{D547BA19-69BB-4F53-ADC6-FB63D670C100}"
EndProject
Global
	GlobalSection(SolutionConfigurationPlatforms) = preSolution
		Debug|x64 = Debug|x64
		Release|x64 = Release|x64
	EndGlobalSection
	GlobalSection(ProjectConfigurationPlatforms) = postSolution
		{24E73AC0-4863-4BD2-B34A-72270914E643}.Debug|x64.ActiveCfg = Debug|x64
		{24E73AC0-4863-4BD2-B34A-72270914E643}.Debug|x64.Build.0 = Debug|x64
		{24E73AC0-4863-4BD2-B34A-72270914E643}.Release|x64.ActiveCfg = Release|x64
		{24E73AC0-4863-4BD2-B34A-72270914E643}.Release|x64.Build.0 = Release|x64
		{D547BA19-69BB-4F53-ADC6-FB63D670C100}.Debug|x64.ActiveCfg = Debug|x64
		{D547BA19-69BB-4F53-ADC6-FB63D670C100}.Debug|x64.Build.0 = Debug|x64
		{D547BA19-69BB-4F53-ADC6-FB63D670C100}.Release|x64.ActiveCfg = Release|x64
		{D547BA19-69BB-4F53-ADC6-FB63D670C100}.Release|x64.Build.0 = Release|x64
	EndGlobalSection
	GlobalSection(SolutionProperties) = preSolution
		HideSolutionNode = FALSE
	EndGlobalSection
	GlobalSection(ExtensibilityGlobals) = postSolution
		SolutionGuid = {E9C77A71-C47C-48FD-975A-4F36EF5EB9C6}
	EndGlobalSection
EndGlobal
